
Microsoft Visual Studio Solution File, Format Version 12.00
# Visual Studio Version 16
VisualStudioVersion = 16.0.808.8
MinimumVisualStudioVersion = 10.0.40219.1
Project("{FAE04EC0-301F-11D3-BF4B-00C04F79EFBC}") = "laba1", "laba1\laba1.csproj", "{A960246F-3302-498B-8F7D-F50506341606}"
EndProject
Global
	GlobalSection(SolutionConfigurationPlatforms) = preSolution
		Debug|Any CPU = Debug|Any CPU
		Release|Any CPU = Release|Any CPU
	EndGlobalSection
	GlobalSection(ProjectConfigurationPlatforms) = postSolution
		{A960246F-3302-498B-8F7D-F50506341606}.Debug|Any CPU.ActiveCfg = Debug|Any CPU
		{A960246F-3302-498B-8F7D-F50506341606}.Debug|Any CPU.Build.0 = Debug|Any CPU
		{A960246F-3302-498B-8F7D-F50506341606}.Release|Any CPU.ActiveCfg = Release|Any CPU
		{A960246F-3302-498B-8F7D-F50506341606}.Release|Any CPU.Build.0 = Release|Any CPU
	EndGlobalSection
	GlobalSection(SolutionProperties) = preSolution
		HideSolutionNode = FALSE
	EndGlobalSection
	GlobalSection(ExtensibilityGlobals) = postSolution
		SolutionGuid = {65617123-6BB2-4386-BDEA-54297984B179}
	EndGlobalSection
EndGlobal
