
Microsoft Visual Studio Solution File, Format Version 12.00
# Visual Studio Version 16
VisualStudioVersion = 16.0.809.2
MinimumVisualStudioVersion = 10.0.40219.1
Project("{FAE04EC0-301F-11D3-BF4B-00C04F79EFBC}") = "laba3568", "laba3568\laba3568.csproj", "{8B54424F-0317-4E35-8B25-59A9B94511A5}"
EndProject
Global
	GlobalSection(SolutionConfigurationPlatforms) = preSolution
		Debug|Any CPU = Debug|Any CPU
		Release|Any CPU = Release|Any CPU
	EndGlobalSection
	GlobalSection(ProjectConfigurationPlatforms) = postSolution
		{8B54424F-0317-4E35-8B25-59A9B94511A5}.Debug|Any CPU.ActiveCfg = Debug|Any CPU
		{8B54424F-0317-4E35-8B25-59A9B94511A5}.Debug|Any CPU.Build.0 = Debug|Any CPU
		{8B54424F-0317-4E35-8B25-59A9B94511A5}.Release|Any CPU.ActiveCfg = Release|Any CPU
		{8B54424F-0317-4E35-8B25-59A9B94511A5}.Release|Any CPU.Build.0 = Release|Any CPU
	EndGlobalSection
	GlobalSection(SolutionProperties) = preSolution
		HideSolutionNode = FALSE
	EndGlobalSection
	GlobalSection(ExtensibilityGlobals) = postSolution
		SolutionGuid = {D18814F7-8EB8-48D8-B217-A5DE29D8E9F2}
	EndGlobalSection
EndGlobal
