
Microsoft Visual Studio Solution File, Format Version 12.00
# Visual Studio Version 16
VisualStudioVersion = 16.0.809.0
MinimumVisualStudioVersion = 10.0.40219.1
Project("{FAE04EC0-301F-11D3-BF4B-00C04F79EFBC}") = "l23", "l23.csproj", "{17355671-ACDF-4887-8A7D-695341884E0E}"
EndProject
Global
	GlobalSection(SolutionConfigurationPlatforms) = preSolution
		Debug|Any CPU = Debug|Any CPU
		Release|Any CPU = Release|Any CPU
	EndGlobalSection
	GlobalSection(ProjectConfigurationPlatforms) = postSolution
		{17355671-ACDF-4887-8A7D-695341884E0E}.Debug|Any CPU.ActiveCfg = Debug|Any CPU
		{17355671-ACDF-4887-8A7D-695341884E0E}.Debug|Any CPU.Build.0 = Debug|Any CPU
		{17355671-ACDF-4887-8A7D-695341884E0E}.Release|Any CPU.ActiveCfg = Release|Any CPU
		{17355671-ACDF-4887-8A7D-695341884E0E}.Release|Any CPU.Build.0 = Release|Any CPU
	EndGlobalSection
	GlobalSection(SolutionProperties) = preSolution
		HideSolutionNode = FALSE
	EndGlobalSection
	GlobalSection(ExtensibilityGlobals) = postSolution
		SolutionGuid = {3BD827AA-B3CF-47CB-8290-FE41DB537BF3}
	EndGlobalSection
EndGlobal
