
Microsoft Visual Studio Solution File, Format Version 12.00
# Visual Studio Version 16
VisualStudioVersion = 16.0.809.2
MinimumVisualStudioVersion = 10.0.40219.1
Project("{FAE04EC0-301F-11D3-BF4B-00C04F79EFBC}") = "laba7", "laba7\laba7.csproj", "{7BD04E9E-3F76-4BA8-8570-31ED61BC6D8F}"
EndProject
Global
	GlobalSection(SolutionConfigurationPlatforms) = preSolution
		Debug|Any CPU = Debug|Any CPU
		Release|Any CPU = Release|Any CPU
	EndGlobalSection
	GlobalSection(ProjectConfigurationPlatforms) = postSolution
		{7BD04E9E-3F76-4BA8-8570-31ED61BC6D8F}.Debug|Any CPU.ActiveCfg = Debug|Any CPU
		{7BD04E9E-3F76-4BA8-8570-31ED61BC6D8F}.Debug|Any CPU.Build.0 = Debug|Any CPU
		{7BD04E9E-3F76-4BA8-8570-31ED61BC6D8F}.Release|Any CPU.ActiveCfg = Release|Any CPU
		{7BD04E9E-3F76-4BA8-8570-31ED61BC6D8F}.Release|Any CPU.Build.0 = Release|Any CPU
	EndGlobalSection
	GlobalSection(SolutionProperties) = preSolution
		HideSolutionNode = FALSE
	EndGlobalSection
	GlobalSection(ExtensibilityGlobals) = postSolution
		SolutionGuid = {ABF07B9E-F8C3-482F-979D-46EE15E8AF92}
	EndGlobalSection
EndGlobal
